
Microsoft Visual Studio Solution File, Format Version 12.00
# Visual Studio 15
Project("{FAE04EC0-301F-11D3-BF4B-00C04F79EFBC}") = "Assembly-CSharp", "Assembly-CSharp.csproj", "{AB3EC333-F0DA-26CF-7D13-F65CC33C9029}"
EndProject
Global
	GlobalSection(SolutionConfigurationPlatforms) = preSolution
		Debug|Any CPU = Debug|Any CPU
		Release|Any CPU = Release|Any CPU
	EndGlobalSection
	GlobalSection(ProjectConfigurationPlatforms) = postSolution
		{AB3EC333-F0DA-26CF-7D13-F65CC33C9029}.Debug|Any CPU.ActiveCfg = Debug|Any CPU
		{AB3EC333-F0DA-26CF-7D13-F65CC33C9029}.Debug|Any CPU.Build.0 = Debug|Any CPU
		{AB3EC333-F0DA-26CF-7D13-F65CC33C9029}.Release|Any CPU.ActiveCfg = Release|Any CPU
		{AB3EC333-F0DA-26CF-7D13-F65CC33C9029}.Release|Any CPU.Build.0 = Release|Any CPU
	EndGlobalSection
	GlobalSection(SolutionProperties) = preSolution
		HideSolutionNode = FALSE
	EndGlobalSection
EndGlobal
